{
  "lockfile-version": 1,
  "manifest": {
    "schema-version": "1.14.0",
    "install": {
      "bun": {
        "pkg-path": "bun"
      },
      "gh": {
        "pkg-path": "gh"
      },
      "just": {
        "pkg-path": "just"
      },
      "rust-toolchain": {
        "flake": "github:cmn-code/nix#rust-1_96_0"
      }
    },
    "hook": {},
    "profile": {},
    "options": {}
  },
  "packages": [
    {
      "attr_path": "bun",
      "broken": false,
      "derivation": "/nix/store/bk2swzj1hhnakb2xlxp01n3fvqk2x11s-bun-1.3.13.drv",
      "description": "Incredibly fast JavaScript runtime, bundler, transpiler and package manager – all in one",
      "install_id": "bun",
      "license": "[ MIT, LGPL-2.1-only ]",
      "locked_url": "https://github.com/flox/nixpkgs?rev=d407951447dcd00442e97087bf374aad70c04cea",
      "name": "bun-1.3.13",
      "pname": "bun",
      "rev": "d407951447dcd00442e97087bf374aad70c04cea",
      "rev_count": 1027867,
      "rev_date": "2026-07-05T04:06:12Z",
      "scrape_date": "2026-07-06T03:12:54.950824Z",
      "stabilities": [
        "staging",
        "unstable"
      ],
      "unfree": false,
      "version": "1.3.13",
      "outputs_to_install": [
        "out"
      ],
      "outputs": {
        "out": "/nix/store/4iw87ni8zbr4yar90zcy8r2aqmih9hk8-bun-1.3.13"
      },
      "system": "aarch64-darwin",
      "group": "toplevel",
      "priority": 5
    },
    {
      "attr_path": "bun",
      "broken": false,
      "derivation": "/nix/store/hvk8chpx4j8wdz3mprl6ir4qv75niycp-bun-1.3.13.drv",
      "description": "Incredibly fast JavaScript runtime, bundler, transpiler and package manager – all in one",
      "install_id": "bun",
      "license": "[ MIT, LGPL-2.1-only ]",
      "locked_url": "https://github.com/flox/nixpkgs?rev=d407951447dcd00442e97087bf374aad70c04cea",
      "name": "bun-1.3.13",
      "pname": "bun",
      "rev": "d407951447dcd00442e97087bf374aad70c04cea",
      "rev_count": 1027867,
      "rev_date": "2026-07-05T04:06:12Z",
      "scrape_date": "2026-07-06T03:41:21.516370Z",
      "stabilities": [
        "staging",
        "unstable"
      ],
      "unfree": false,
      "version": "1.3.13",
      "outputs_to_install": [
        "out"
      ],
      "outputs": {
        "out": "/nix/store/6wnvdw8ps9fi7a1cjbq0d0s736j0rpnr-bun-1.3.13"
      },
      "system": "aarch64-linux",
      "group": "toplevel",
      "priority": 5
    },
    {
      "attr_path": "bun",
      "broken": false,
      "derivation": "/nix/store/d2xdkj5z0am9q690z71qysvl2ghyw3s9-bun-1.3.13.drv",
      "description": "Incredibly fast JavaScript runtime, bundler, transpiler and package manager – all in one",
      "install_id": "bun",
      "license": "[ MIT, LGPL-2.1-only ]",
      "locked_url": "https://github.com/flox/nixpkgs?rev=d407951447dcd00442e97087bf374aad70c04cea",
      "name": "bun-1.3.13",
      "pname": "bun",
      "rev": "d407951447dcd00442e97087bf374aad70c04cea",
      "rev_count": 1027867,
      "rev_date": "2026-07-05T04:06:12Z",
      "scrape_date": "2026-07-06T04:09:00.268379Z",
      "stabilities": [
        "staging",
        "unstable"
      ],
      "unfree": false,
      "version": "1.3.13",
      "outputs_to_install": [
        "out"
      ],
      "outputs": {
        "out": "/nix/store/wn9cggwqflvqryxxb9xinl9iygndm8d9-bun-1.3.13"
      },
      "system": "x86_64-darwin",
      "group": "toplevel",
      "priority": 5
    },
    {
      "attr_path": "bun",
      "broken": false,
      "derivation": "/nix/store/0aa9vfw76bbnla6z8vv4x6iw5hzw5bb1-bun-1.3.13.drv",
      "description": "Incredibly fast JavaScript runtime, bundler, transpiler and package manager – all in one",
      "install_id": "bun",
      "license": "[ MIT, LGPL-2.1-only ]",
      "locked_url": "https://github.com/flox/nixpkgs?rev=d407951447dcd00442e97087bf374aad70c04cea",
      "name": "bun-1.3.13",
      "pname": "bun",
      "rev": "d407951447dcd00442e97087bf374aad70c04cea",
      "rev_count": 1027867,
      "rev_date": "2026-07-05T04:06:12Z",
      "scrape_date": "2026-07-06T04:40:24.139843Z",
      "stabilities": [
        "staging",
        "unstable"
      ],
      "unfree": false,
      "version": "1.3.13",
      "outputs_to_install": [
        "out"
      ],
      "outputs": {
        "out": "/nix/store/r3k0n7fx6qjw9k9v2yy2h55lpl4kg0sd-bun-1.3.13"
      },
      "system": "x86_64-linux",
      "group": "toplevel",
      "priority": 5
    },
    {
      "attr_path": "gh",
      "broken": false,
      "derivation": "/nix/store/knh1znqhi7kg50vj7wb7vyb8cxknv8jn-gh-2.96.0.drv",
      "description": "GitHub CLI tool",
      "install_id": "gh",
      "license": "MIT",
      "locked_url": "https://github.com/flox/nixpkgs?rev=d407951447dcd00442e97087bf374aad70c04cea",
      "name": "gh-2.96.0",
      "pname": "gh",
      "rev": "d407951447dcd00442e97087bf374aad70c04cea",
      "rev_count": 1027867,
      "rev_date": "2026-07-05T04:06:12Z",
      "scrape_date": "2026-07-06T03:12:56.060369Z",
      "stabilities": [
        "staging",
        "unstable"
      ],
      "unfree": false,
      "version": "2.96.0",
      "outputs_to_install": [
        "out"
      ],
      "outputs": {
        "out": "/nix/store/0370cakz5b3yf6dlr2r75ybxsrjpp5k3-gh-2.96.0"
      },
      "system": "aarch64-darwin",
      "group": "toplevel",
      "priority": 5
    },
    {
      "attr_path": "gh",
      "broken": false,
      "derivation": "/nix/store/7bia0bikhgg4bdm95pnfk71z02zb7hq6-gh-2.96.0.drv",
      "description": "GitHub CLI tool",
      "install_id": "gh",
      "license": "MIT",
      "locked_url": "https://github.com/flox/nixpkgs?rev=d407951447dcd00442e97087bf374aad70c04cea",
      "name": "gh-2.96.0",
      "pname": "gh",
      "rev": "d407951447dcd00442e97087bf374aad70c04cea",
      "rev_count": 1027867,
      "rev_date": "2026-07-05T04:06:12Z",
      "scrape_date": "2026-07-06T03:41:23.108736Z",
      "stabilities": [
        "staging",
        "unstable"
      ],
      "unfree": false,
      "version": "2.96.0",
      "outputs_to_install": [
        "out"
      ],
      "outputs": {
        "out": "/nix/store/nkm00gpkyg9dqlisnxffwjk647r4q81s-gh-2.96.0"
      },
      "system": "aarch64-linux",
      "group": "toplevel",
      "priority": 5
    },
    {
      "attr_path": "gh",
      "broken": false,
      "derivation": "/nix/store/3smfxxfn6mjw6nsf6aijvh9514h2kqlc-gh-2.96.0.drv",
      "description": "GitHub CLI tool",
      "install_id": "gh",
      "license": "MIT",
      "locked_url": "https://github.com/flox/nixpkgs?rev=d407951447dcd00442e97087bf374aad70c04cea",
      "name": "gh-2.96.0",
      "pname": "gh",
      "rev": "d407951447dcd00442e97087bf374aad70c04cea",
      "rev_count": 1027867,
      "rev_date": "2026-07-05T04:06:12Z",
      "scrape_date": "2026-07-06T04:09:01.575200Z",
      "stabilities": [
        "staging",
        "unstable"
      ],
      "unfree": false,
      "version": "2.96.0",
      "outputs_to_install": [
        "out"
      ],
      "outputs": {
        "out": "/nix/store/waa7fl1d466lkihg89p60iisjwynyfb7-gh-2.96.0"
      },
      "system": "x86_64-darwin",
      "group": "toplevel",
      "priority": 5
    },
    {
      "attr_path": "gh",
      "broken": false,
      "derivation": "/nix/store/wbhspnqh3z83s5gy4gfb97m58crvclqa-gh-2.96.0.drv",
      "description": "GitHub CLI tool",
      "install_id": "gh",
      "license": "MIT",
      "locked_url": "https://github.com/flox/nixpkgs?rev=d407951447dcd00442e97087bf374aad70c04cea",
      "name": "gh-2.96.0",
      "pname": "gh",
      "rev": "d407951447dcd00442e97087bf374aad70c04cea",
      "rev_count": 1027867,
      "rev_date": "2026-07-05T04:06:12Z",
      "scrape_date": "2026-07-06T04:40:25.881436Z",
      "stabilities": [
        "staging",
        "unstable"
      ],
      "unfree": false,
      "version": "2.96.0",
      "outputs_to_install": [
        "out",
        "out"
      ],
      "outputs": {
        "out": "/nix/store/zmby710xkfnzpq1wq3zxgp044724zwwb-gh-2.96.0"
      },
      "system": "x86_64-linux",
      "group": "toplevel",
      "priority": 5
    },
    {
      "attr_path": "just",
      "broken": false,
      "derivation": "/nix/store/gpfajbzmcdpnvwya8hpy30dhndlvn26z-just-1.55.1.drv",
      "description": "Handy way to save and run project-specific commands",
      "install_id": "just",
      "license": "CC0-1.0",
      "locked_url": "https://github.com/flox/nixpkgs?rev=d407951447dcd00442e97087bf374aad70c04cea",
      "name": "just-1.55.1",
      "pname": "just",
      "rev": "d407951447dcd00442e97087bf374aad70c04cea",
      "rev_count": 1027867,
      "rev_date": "2026-07-05T04:06:12Z",
      "scrape_date": "2026-07-06T03:13:12.610781Z",
      "stabilities": [
        "staging",
        "unstable"
      ],
      "unfree": false,
      "version": "1.55.1",
      "outputs_to_install": [
        "man",
        "out"
      ],
      "outputs": {
        "doc": "/nix/store/00x8x32glg9dl80iaqf0l71x3n61pz3w-just-1.55.1-doc",
        "man": "/nix/store/sgz4z3dmacmyjis88lnzmxymnx1biyzx-just-1.55.1-man",
        "out": "/nix/store/1dhw1q8xgl7xv4s8fc4qn9j2j4p7hk80-just-1.55.1"
      },
      "system": "aarch64-darwin",
      "group": "toplevel",
      "priority": 5
    },
    {
      "attr_path": "just",
      "broken": false,
      "derivation": "/nix/store/bg38n4a4aqpfm7a6qy6kipij6s5v67q4-just-1.55.1.drv",
      "description": "Handy way to save and run project-specific commands",
      "install_id": "just",
      "license": "CC0-1.0",
      "locked_url": "https://github.com/flox/nixpkgs?rev=d407951447dcd00442e97087bf374aad70c04cea",
      "name": "just-1.55.1",
      "pname": "just",
      "rev": "d407951447dcd00442e97087bf374aad70c04cea",
      "rev_count": 1027867,
      "rev_date": "2026-07-05T04:06:12Z",
      "scrape_date": "2026-07-06T03:41:44.394333Z",
      "stabilities": [
        "staging",
        "unstable"
      ],
      "unfree": false,
      "version": "1.55.1",
      "outputs_to_install": [
        "man",
        "out"
      ],
      "outputs": {
        "doc": "/nix/store/bpx387pblrn45yjnscymlwhpfqsfr08s-just-1.55.1-doc",
        "man": "/nix/store/8ah43vk8bvjw2i9rfx7kq8wrfjxg73dl-just-1.55.1-man",
        "out": "/nix/store/k4wf32cjghnqdb0ia7n0mr3fjjcs6240-just-1.55.1"
      },
      "system": "aarch64-linux",
      "group": "toplevel",
      "priority": 5
    },
    {
      "attr_path": "just",
      "broken": false,
      "derivation": "/nix/store/kpm5synzhc0arj6wbp5ciadq3wgb0xl7-just-1.55.1.drv",
      "description": "Handy way to save and run project-specific commands",
      "install_id": "just",
      "license": "CC0-1.0",
      "locked_url": "https://github.com/flox/nixpkgs?rev=d407951447dcd00442e97087bf374aad70c04cea",
      "name": "just-1.55.1",
      "pname": "just",
      "rev": "d407951447dcd00442e97087bf374aad70c04cea",
      "rev_count": 1027867,
      "rev_date": "2026-07-05T04:06:12Z",
      "scrape_date": "2026-07-06T04:09:22.248655Z",
      "stabilities": [
        "staging",
        "unstable"
      ],
      "unfree": false,
      "version": "1.55.1",
      "outputs_to_install": [
        "man",
        "out"
      ],
      "outputs": {
        "doc": "/nix/store/4hr1i7iizrvxl5qc9xhq12gscgs0b1nl-just-1.55.1-doc",
        "man": "/nix/store/4fz7kgnf4llinmji6nqbd3h20w1v0661-just-1.55.1-man",
        "out": "/nix/store/66nwz7gqzp6wkw8r9x23z45lf7ysc74b-just-1.55.1"
      },
      "system": "x86_64-darwin",
      "group": "toplevel",
      "priority": 5
    },
    {
      "attr_path": "just",
      "broken": false,
      "derivation": "/nix/store/5f1667rpw512ssdlxc9z34lm39gr2qrn-just-1.55.1.drv",
      "description": "Handy way to save and run project-specific commands",
      "install_id": "just",
      "license": "CC0-1.0",
      "locked_url": "https://github.com/flox/nixpkgs?rev=d407951447dcd00442e97087bf374aad70c04cea",
      "name": "just-1.55.1",
      "pname": "just",
      "rev": "d407951447dcd00442e97087bf374aad70c04cea",
      "rev_count": 1027867,
      "rev_date": "2026-07-05T04:06:12Z",
      "scrape_date": "2026-07-06T04:40:47.888909Z",
      "stabilities": [
        "staging",
        "unstable"
      ],
      "unfree": false,
      "version": "1.55.1",
      "outputs_to_install": [
        "man",
        "out"
      ],
      "outputs": {
        "doc": "/nix/store/kl275lkx9b6qf5d8jjxi1nfwzxigr5qm-just-1.55.1-doc",
        "man": "/nix/store/hzwjzvr50g5rzla3xa8nmd9sak7sqw5i-just-1.55.1-man",
        "out": "/nix/store/4q0ksvaggh0zb50jmff9vr929b0z3r6f-just-1.55.1"
      },
      "system": "x86_64-linux",
      "group": "toplevel",
      "priority": 5
    },
    {
      "install_id": "rust-toolchain",
      "locked-url": "github:cmn-code/nix/07adc121d4ec84a38d328fc4a2da8056c8f0e432?narHash=sha256-nU3r3oRdhteFp11/eNFXDHMuy48C93v8cSo/F%2BNlVOY%3D",
      "flake-description": "Toolchain definitions, currently only consisting of Rust",
      "locked-flake-attr-path": "packages.aarch64-darwin.rust-1_96_0",
      "derivation": "/nix/store/7q5bjv8sdik14ncx1f3flnq37kx4fp4w-rust-default-1.96.0.drv",
      "outputs": {
        "out": "/nix/store/agzaknffwccgrplmk1cnbb501l73vhqp-rust-default-1.96.0"
      },
      "output-names": [
        "out"
      ],
      "outputs-to-install": [
        "out"
      ],
      "requested-outputs-to-install": [],
      "package-system": "aarch64-darwin",
      "system": "aarch64-darwin",
      "name": "rust-default-1.96.0",
      "pname": "rust-default",
      "version": "1.96.0",
      "broken": false,
      "unfree": false,
      "priority": 5
    },
    {
      "install_id": "rust-toolchain",
      "locked-url": "github:cmn-code/nix/07adc121d4ec84a38d328fc4a2da8056c8f0e432?narHash=sha256-nU3r3oRdhteFp11/eNFXDHMuy48C93v8cSo/F%2BNlVOY%3D",
      "flake-description": "Toolchain definitions, currently only consisting of Rust",
      "locked-flake-attr-path": "packages.aarch64-linux.rust-1_96_0",
      "derivation": "/nix/store/n0vw11k6l6w8fbd94v49kka296d7bh6l-rust-default-1.96.0.drv",
      "outputs": {
        "out": "/nix/store/frkra6w9cql43aprxzkxz0mpby4c40ba-rust-default-1.96.0"
      },
      "output-names": [
        "out"
      ],
      "outputs-to-install": [
        "out"
      ],
      "requested-outputs-to-install": [],
      "package-system": "aarch64-linux",
      "system": "aarch64-linux",
      "name": "rust-default-1.96.0",
      "pname": "rust-default",
      "version": "1.96.0",
      "broken": false,
      "unfree": false,
      "priority": 5
    },
    {
      "install_id": "rust-toolchain",
      "locked-url": "github:cmn-code/nix/07adc121d4ec84a38d328fc4a2da8056c8f0e432?narHash=sha256-nU3r3oRdhteFp11/eNFXDHMuy48C93v8cSo/F%2BNlVOY%3D",
      "flake-description": "Toolchain definitions, currently only consisting of Rust",
      "locked-flake-attr-path": "packages.x86_64-darwin.rust-1_96_0",
      "derivation": "/nix/store/iciayn2h8xsl6zgj5h7kd4xqcckd8myl-rust-default-1.96.0.drv",
      "outputs": {
        "out": "/nix/store/khkd9a59rgqq1q1xszpyadsaf9973w83-rust-default-1.96.0"
      },
      "output-names": [
        "out"
      ],
      "outputs-to-install": [
        "out"
      ],
      "requested-outputs-to-install": [],
      "package-system": "x86_64-darwin",
      "system": "x86_64-darwin",
      "name": "rust-default-1.96.0",
      "pname": "rust-default",
      "version": "1.96.0",
      "broken": false,
      "unfree": false,
      "priority": 5
    },
    {
      "install_id": "rust-toolchain",
      "locked-url": "github:cmn-code/nix/07adc121d4ec84a38d328fc4a2da8056c8f0e432?narHash=sha256-nU3r3oRdhteFp11/eNFXDHMuy48C93v8cSo/F%2BNlVOY%3D",
      "flake-description": "Toolchain definitions, currently only consisting of Rust",
      "locked-flake-attr-path": "packages.x86_64-linux.rust-1_96_0",
      "derivation": "/nix/store/c2xbacvg5297s9nsbfixqq9g1b2kq7jw-rust-default-1.96.0.drv",
      "outputs": {
        "out": "/nix/store/a2jb5hnmjxnylpkgwzql021k1l1vyn1p-rust-default-1.96.0"
      },
      "output-names": [
        "out"
      ],
      "outputs-to-install": [
        "out"
      ],
      "requested-outputs-to-install": [],
      "package-system": "x86_64-linux",
      "system": "x86_64-linux",
      "name": "rust-default-1.96.0",
      "pname": "rust-default",
      "version": "1.96.0",
      "broken": false,
      "unfree": false,
      "priority": 5
    }
  ]
}
